
Microsoft Visual Studio Solution File, Format Version 12.00
# Visual Studio 15
VisualStudioVersion = 15.0.28307.271
MinimumVisualStudioVersion = 10.0.40219.1
Project("{9A19103F-16F7-4668-BE54-9A1E7A4F7556}") = "Novovita.by", "Novovita.by\Novovita.by.csproj", "{7BDDA761-214C-4CEA-9B93-9FCD15BBB0B6}"
EndProject
Global
	GlobalSection(SolutionConfigurationPlatforms) = preSolution
		Debug|Any CPU = Debug|Any CPU
		Release|Any CPU = Release|Any CPU
	EndGlobalSection
	GlobalSection(ProjectConfigurationPlatforms) = postSolution
		{7BDDA761-214C-4CEA-9B93-9FCD15BBB0B6}.Debug|Any CPU.ActiveCfg = Debug|Any CPU
		{7BDDA761-214C-4CEA-9B93-9FCD15BBB0B6}.Debug|Any CPU.Build.0 = Debug|Any CPU
		{7BDDA761-214C-4CEA-9B93-9FCD15BBB0B6}.Release|Any CPU.ActiveCfg = Release|Any CPU
		{7BDDA761-214C-4CEA-9B93-9FCD15BBB0B6}.Release|Any CPU.Build.0 = Release|Any CPU
	EndGlobalSection
	GlobalSection(SolutionProperties) = preSolution
		HideSolutionNode = FALSE
	EndGlobalSection
	GlobalSection(ExtensibilityGlobals) = postSolution
		SolutionGuid = {2D095E0A-0ADF-45E9-A1EA-3D05B6468934}
	EndGlobalSection
EndGlobal
